
Microsoft Visual Studio Solution File, Format Version 12.00
# Visual Studio Version 17
VisualStudioVersion = 17.9.34728.123
MinimumVisualStudioVersion = 10.0.40219.1
Project("{9A19103F-16F7-4668-BE54-9A1E7A4F7556}") = "adminApp", "adminApp\adminApp.csproj", "{57BB1CB2-A994-4274-9BE9-A6569FF035E5}"
EndProject
Project("{9A19103F-16F7-4668-BE54-9A1E7A4F7556}") = "HomeCareObjects", "HomeCareObjects\HomeCareObjects.csproj", "{70D4736C-84B8-4D84-950A-BC6C0316F1A3}"
EndProject
Project("{9A19103F-16F7-4668-BE54-9A1E7A4F7556}") = "ProjectFormApp", "ProjectFormApp\ProjectFormApp.csproj", "{DB3AC079-6B63-4657-B3FA-9896FDF6EF55}"
EndProject
Project("{9A19103F-16F7-4668-BE54-9A1E7A4F7556}") = "HomeCareWebApp", "ProjectWebApp\ProjectWebApp\HomeCareWebApp.csproj", "{B76DE102-C7B4-49B9-B6E7-F312A95BFDA6}"
EndProject
Global
	GlobalSection(SolutionConfigurationPlatforms) = preSolution
		Debug|Any CPU = Debug|Any CPU
		Release|Any CPU = Release|Any CPU
	EndGlobalSection
	GlobalSection(ProjectConfigurationPlatforms) = postSolution
		{57BB1CB2-A994-4274-9BE9-A6569FF035E5}.Debug|Any CPU.ActiveCfg = Debug|Any CPU
		{57BB1CB2-A994-4274-9BE9-A6569FF035E5}.Debug|Any CPU.Build.0 = Debug|Any CPU
		{57BB1CB2-A994-4274-9BE9-A6569FF035E5}.Release|Any CPU.ActiveCfg = Release|Any CPU
		{57BB1CB2-A994-4274-9BE9-A6569FF035E5}.Release|Any CPU.Build.0 = Release|Any CPU
		{70D4736C-84B8-4D84-950A-BC6C0316F1A3}.Debug|Any CPU.ActiveCfg = Debug|Any CPU
		{70D4736C-84B8-4D84-950A-BC6C0316F1A3}.Debug|Any CPU.Build.0 = Debug|Any CPU
		{70D4736C-84B8-4D84-950A-BC6C0316F1A3}.Release|Any CPU.ActiveCfg = Release|Any CPU
		{70D4736C-84B8-4D84-950A-BC6C0316F1A3}.Release|Any CPU.Build.0 = Release|Any CPU
		{DB3AC079-6B63-4657-B3FA-9896FDF6EF55}.Debug|Any CPU.ActiveCfg = Debug|Any CPU
		{DB3AC079-6B63-4657-B3FA-9896FDF6EF55}.Debug|Any CPU.Build.0 = Debug|Any CPU
		{DB3AC079-6B63-4657-B3FA-9896FDF6EF55}.Release|Any CPU.ActiveCfg = Release|Any CPU
		{DB3AC079-6B63-4657-B3FA-9896FDF6EF55}.Release|Any CPU.Build.0 = Release|Any CPU
		{B76DE102-C7B4-49B9-B6E7-F312A95BFDA6}.Debug|Any CPU.ActiveCfg = Debug|Any CPU
		{B76DE102-C7B4-49B9-B6E7-F312A95BFDA6}.Debug|Any CPU.Build.0 = Debug|Any CPU
		{B76DE102-C7B4-49B9-B6E7-F312A95BFDA6}.Release|Any CPU.ActiveCfg = Release|Any CPU
		{B76DE102-C7B4-49B9-B6E7-F312A95BFDA6}.Release|Any CPU.Build.0 = Release|Any CPU
	EndGlobalSection
	GlobalSection(SolutionProperties) = preSolution
		HideSolutionNode = FALSE
	EndGlobalSection
	GlobalSection(ExtensibilityGlobals) = postSolution
		SolutionGuid = {75FBB76B-EAC6-464C-8033-7FFEFE7766E0}
	EndGlobalSection
EndGlobal
